// !$*UTF8*$!
{
	archiveVersion = 1;
	classes = {
	};
	objectVersion = 46;
	objects = {

/* Begin PBXBuildFile section */
		CB5B98A91A1009580071DB74 /* AppDelegate.swift in Sources */ = {isa = PBXBuildFile; fileRef = CB5B98A81A1009580071DB74 /* AppDelegate.swift */; };
		CB5B98AB1A1009580071DB74 /* ViewController.swift in Sources */ = {isa = PBXBuildFile; fileRef = CB5B98AA1A1009580071DB74 /* ViewController.swift */; };
		CB5B98AE1A1009580071DB74 /* Main.storyboard in Resources */ = {isa = PBXBuildFile; fileRef = CB5B98AC1A1009580071DB74 /* Main.storyboard */; };
		CB5B98B01A1009580071DB74 /* Images.xcassets in Resources */ = {isa = PBXBuildFile; fileRef = CB5B98AF1A1009580071DB74 /* Images.xcassets */; };
		CB5B98B31A1009580071DB74 /* LaunchScreen.xib in Resources */ = {isa = PBXBuildFile; fileRef = CB5B98B11A1009580071DB74 /* LaunchScreen.xib */; };
		CB5B98BF1A1009580071DB74 /* ConstraintsTestTests.swift in Sources */ = {isa = PBXBuildFile; fileRef = CB5B98BE1A1009580071DB74 /* ConstraintsTestTests.swift */; };
/* End PBXBuildFile section */

/* Begin PBXContainerItemProxy section */
		CB5B98B91A1009580071DB74 /* PBXContainerItemProxy */ = {
			isa = PBXContainerItemProxy;
			containerPortal = CB5B989B1A1009580071DB74 /* Project object */;
			proxyType = 1;
			remoteGlobalIDString = CB5B98A21A1009580071DB74;
			remoteInfo = ConstraintsTest;
		};
/* End PBXContainerItemProxy section */

/* Begin PBXFileReference section */
		CB5B98A31A1009580071DB74 /* ConstraintsTest.app */ = {isa = PBXFileReference; explicitFileType = wrapper.application; includeInIndex = 0; path = ConstraintsTest.app; sourceTree = BUILT_PRODUCTS_DIR; };
		CB5B98A71A1009580071DB74 /* Info.plist */ = {isa = PBXFileReference; lastKnownFileType = text.plist.xml; path = Info.plist; sourceTree = "<group>"; };
		CB5B98A81A1009580071DB74 /* AppDelegate.swift */ = {isa = PBXFileReference; lastKnownFileType = sourcecode.swift; path = AppDelegate.swift; sourceTree = "<group>"; };
		CB5B98AA1A1009580071DB74 /* ViewController.swift */ = {isa = PBXFileReference; lastKnownFileType = sourcecode.swift; path = ViewController.swift; sourceTree = "<group>"; };
		CB5B98AD1A1009580071DB74 /* Base */ = {isa = PBXFileReference; lastKnownFileType = file.storyboard; name = Base; path = Base.lproj/Main.storyboard; sourceTree = "<group>"; };
		CB5B98AF1A1009580071DB74 /* Images.xcassets */ = {isa = PBXFileReference; lastKnownFileType = folder.assetcatalog; path = Images.xcassets; sourceTree = "<group>"; };
		CB5B98B21A1009580071DB74 /* Base */ = {isa = PBXFileReference; lastKnownFileType = file.xib; name = Base; path = Base.lproj/LaunchScreen.xib; sourceTree = "<group>"; };
		CB5B98B81A1009580071DB74 /* ConstraintsTestTests.xctest */ = {isa = PBXFileReference; explicitFileType = wrapper.cfbundle; includeInIndex = 0; path = ConstraintsTestTests.xctest; sourceTree = BUILT_PRODUCTS_DIR; };
		CB5B98BD1A1009580071DB74 /* Info.plist */ = {isa = PBXFileReference; lastKnownFileType = text.plist.xml; path = Info.plist; sourceTree = "<group>"; };
		CB5B98BE1A1009580071DB74 /* ConstraintsTestTests.swift */ = {isa = PBXFileReference; lastKnownFileType = sourcecode.swift; path = ConstraintsTestTests.swift; sourceTree = "<group>"; };
/* End PBXFileReference section */

/* Begin PBXFrameworksBuildPhase section */
		CB5B98A01A1009580071DB74 /* Frameworks */ = {
			isa = PBXFrameworksBuildPhase;
			buildActionMask = 2147483647;
			files = (
			);
			runOnlyForDeploymentPostprocessing = 0;
		};
		CB5B98B51A1009580071DB74 /* Frameworks */ = {
			isa = PBXFrameworksBuildPhase;
			buildActionMask = 2147483647;
			files = (
			);
			runOnlyForDeploymentPostprocessing = 0;
		};
/* End PBXFrameworksBuildPhase section */

/* Begin PBXGroup section */
		CB5B989A1A1009580071DB74 = {
			isa = PBXGroup;
			children = (
				CB5B98A51A1009580071DB74 /* ConstraintsTest */,
				CB5B98BB1A1009580071DB74 /* ConstraintsTestTests */,
				CB5B98A41A1009580071DB74 /* Products */,
			);
			sourceTree = "<group>";
		};
		CB5B98A41A1009580071DB74 /* Products */ = {
			isa = PBXGroup;
			children = (
				CB5B98A31A1009580071DB74 /* ConstraintsTest.app */,
				CB5B98B81A1009580071DB74 /* ConstraintsTestTests.xctest */,
			);
			name = Products;
			sourceTree = "<group>";
		};
		CB5B98A51A1009580071DB74 /* ConstraintsTest */ = {
			isa = PBXGroup;
			children = (
				CB5B98A81A1009580071DB74 /* AppDelegate.swift */,
				CB5B98AA1A1009580071DB74 /* ViewController.swift */,
				CB5B98AC1A1009580071DB74 /* Main.storyboard */,
				CB5B98AF1A1009580071DB74 /* Images.xcassets */,
				CB5B98B11A1009580071DB74 /* LaunchScreen.xib */,
				CB5B98A61A1009580071DB74 /* Supporting Files */,
			);
			path = ConstraintsTest;
			sourceTree = "<group>";
		};
		CB5B98A61A1009580071DB74 /* Supporting Files */ = {
			isa = PBXGroup;
			children = (
				CB5B98A71A1009580071DB74 /* Info.plist */,
			);
			name = "Supporting Files";
			sourceTree = "<group>";
		};
		CB5B98BB1A1009580071DB74 /* ConstraintsTestTests */ = {
			isa = PBXGroup;
			children = (
				CB5B98BE1A1009580071DB74 /* ConstraintsTestTests.swift */,
				CB5B98BC1A1009580071DB74 /* Supporting Files */,
			);
			path = ConstraintsTestTests;
			sourceTree = "<group>";
		};
		CB5B98BC1A1009580071DB74 /* Supporting Files */ = {
			isa = PBXGroup;
			children = (
				CB5B98BD1A1009580071DB74 /* Info.plist */,
			);
			name = "Supporting Files";
			sourceTree = "<group>";
		};
/* End PBXGroup section */

/* Begin PBXNativeTarget section */
		CB5B98A21A1009580071DB74 /* ConstraintsTest */ = {
			isa = PBXNativeTarget;
			buildConfigurationList = CB5B98C21A1009580071DB74 /* Build configuration list for PBXNativeTarget "ConstraintsTest" */;
			buildPhases = (
				CB5B989F1A1009580071DB74 /* Sources */,
				CB5B98A01A1009580071DB74 /* Frameworks */,
				CB5B98A11A1009580071DB74 /* Resources */,
			);
			buildRules = (
			);
			dependencies = (
			);
			name = ConstraintsTest;
			productName = ConstraintsTest;
			productReference = CB5B98A31A1009580071DB74 /* ConstraintsTest.app */;
			productType = "com.apple.product-type.application";
		};
		CB5B98B71A1009580071DB74 /* ConstraintsTestTests */ = {
			isa = PBXNativeTarget;
			buildConfigurationList = CB5B98C51A1009580071DB74 /* Build configuration list for PBXNativeTarget "ConstraintsTestTests" */;
			buildPhases = (
				CB5B98B41A1009580071DB74 /* Sources */,
				CB5B98B51A1009580071DB74 /* Frameworks */,
				CB5B98B61A1009580071DB74 /* Resources */,
			);
			buildRules = (
			);
			dependencies = (
				CB5B98BA1A1009580071DB74 /* PBXTargetDependency */,
			);
			name = ConstraintsTestTests;
			productName = ConstraintsTestTests;
			productReference = CB5B98B81A1009580071DB74 /* ConstraintsTestTests.xctest */;
			productType = "com.apple.product-type.bundle.unit-test";
		};
/* End PBXNativeTarget section */

/* Begin PBXProject section */
		CB5B989B1A1009580071DB74 /* Project object */ = {
			isa = PBXProject;
			attributes = {
				LastUpgradeCheck = 0610;
				ORGANIZATIONNAME = "Alexander von Below";
				TargetAttributes = {
					CB5B98A21A1009580071DB74 = {
						CreatedOnToolsVersion = 6.1;
					};
					CB5B98B71A1009580071DB74 = {
						CreatedOnToolsVersion = 6.1;
						TestTargetID = CB5B98A21A1009580071DB74;
					};
				};
			};
			buildConfigurationList = CB5B989E1A1009580071DB74 /* Build configuration list for PBXProject "ConstraintsTest" */;
			compatibilityVersion = "Xcode 3.2";
			developmentRegion = English;
			hasScannedForEncodings = 0;
			knownRegions = (
				en,
				Base,
			);
			mainGroup = CB5B989A1A1009580071DB74;
			productRefGroup = CB5B98A41A1009580071DB74 /* Products */;
			projectDirPath = "";
			projectRoot = "";
			targets = (
				CB5B98A21A1009580071DB74 /* ConstraintsTest */,
				CB5B98B71A1009580071DB74 /* ConstraintsTestTests */,
			);
		};
/* End PBXProject section */

/* Begin PBXResourcesBuildPhase section */
		CB5B98A11A1009580071DB74 /* Resources */ = {
			isa = PBXResourcesBuildPhase;
			buildActionMask = 2147483647;
			files = (
				CB5B98AE1A1009580071DB74 /* Main.storyboard in Resources */,
				CB5B98B31A1009580071DB74 /* LaunchScreen.xib in Resources */,
				CB5B98B01A1009580071DB74 /* Images.xcassets in Resources */,
			);
			runOnlyForDeploymentPostprocessing = 0;
		};
		CB5B98B61A1009580071DB74 /* Resources */ = {
			isa = PBXResourcesBuildPhase;
			buildActionMask = 2147483647;
			files = (
			);
			runOnlyForDeploymentPostprocessing = 0;
		};
/* End PBXResourcesBuildPhase section */

/* Begin PBXSourcesBuildPhase section */
		CB5B989F1A1009580071DB74 /* Sources */ = {
			isa = PBXSourcesBuildPhase;
			buildActionMask = 2147483647;
			files = (
				CB5B98AB1A1009580071DB74 /* ViewController.swift in Sources */,
				CB5B98A91A1009580071DB74 /* AppDelegate.swift in Sources */,
			);
			runOnlyForDeploymentPostprocessing = 0;
		};
		CB5B98B41A1009580071DB74 /* Sources */ = {
			isa = PBXSourcesBuildPhase;
			buildActionMask = 2147483647;
			files = (
				CB5B98BF1A1009580071DB74 /* ConstraintsTestTests.swift in Sources */,
			);
			runOnlyForDeploymentPostprocessing = 0;
		};
/* End PBXSourcesBuildPhase section */

/* Begin PBXTargetDependency section */
		CB5B98BA1A1009580071DB74 /* PBXTargetDependency */ = {
			isa = PBXTargetDependency;
			target = CB5B98A21A1009580071DB74 /* ConstraintsTest */;
			targetProxy = CB5B98B91A1009580071DB74 /* PBXContainerItemProxy */;
		};
/* End PBXTargetDependency section */

/* Begin PBXVariantGroup section */
		CB5B98AC1A1009580071DB74 /* Main.storyboard */ = {
			isa = PBXVariantGroup;
			children = (
				CB5B98AD1A1009580071DB74 /* Base */,
			);
			name = Main.storyboard;
			sourceTree = "<group>";
		};
		CB5B98B11A1009580071DB74 /* LaunchScreen.xib */ = {
			isa = PBXVariantGroup;
			children = (
				CB5B98B21A1009580071DB74 /* Base */,
			);
			name = LaunchScreen.xib;
			sourceTree = "<group>";
		};
/* End PBXVariantGroup section */

/* Begin XCBuildConfiguration section */
		CB5B98C01A1009580071DB74 /* Debug */ = {
			isa = XCBuildConfiguration;
			buildSettings = {
				ALWAYS_SEARCH_USER_PATHS = NO;
				CLANG_CXX_LANGUAGE_STANDARD = "gnu++0x";
				CLANG_CXX_LIBRARY = "libc++";
				CLANG_ENABLE_MODULES = YES;
				CLANG_ENABLE_OBJC_ARC = YES;
				CLANG_WARN_BOOL_CONVERSION = YES;
				CLANG_WARN_CONSTANT_CONVERSION = YES;
				CLANG_WARN_DIRECT_OBJC_ISA_USAGE = YES_ERROR;
				CLANG_WARN_EMPTY_BODY = YES;
				CLANG_WARN_ENUM_CONVERSION = YES;
				CLANG_WARN_INT_CONVERSION = YES;
				CLANG_WARN_OBJC_ROOT_CLASS = YES_ERROR;
				CLANG_WARN_UNREACHABLE_CODE = YES;
				CLANG_WARN__DUPLICATE_METHOD_MATCH = YES;
				"CODE_SIGN_IDENTITY[sdk=iphoneos*]" = "iPhone Developer";
				COPY_PHASE_STRIP = NO;
				ENABLE_STRICT_OBJC_MSGSEND = YES;
				GCC_C_LANGUAGE_STANDARD = gnu99;
				GCC_DYNAMIC_NO_PIC = NO;
				GCC_OPTIMIZATION_LEVEL = 0;
				GCC_PREPROCESSOR_DEFINITIONS = (
					"DEBUG=1",
					"$(inherited)",
				);
				GCC_SYMBOLS_PRIVATE_EXTERN = NO;
				GCC_WARN_64_TO_32_BIT_CONVERSION = YES;
				GCC_WARN_ABOUT_RETURN_TYPE = YES_ERROR;
				GCC_WARN_UNDECLARED_SELECTOR = YES;
				GCC_WARN_UNINITIALIZED_AUTOS = YES_AGGRESSIVE;
				GCC_WARN_UNUSED_FUNCTION = YES;
				GCC_WARN_UNUSED_VARIABLE = YES;
				IPHONEOS_DEPLOYMENT_TARGET = 8.1;
				MTL_ENABLE_DEBUG_INFO = YES;
				ONLY_ACTIVE_ARCH = YES;
				SDKROOT = iphoneos;
				SWIFT_OPTIMIZATION_LEVEL = "-Onone";
			};
			name = Debug;
		};
		CB5B98C11A1009580071DB74 /* Release */ = {
			isa = XCBuildConfiguration;
			buildSettings = {
				ALWAYS_SEARCH_USER_PATHS = NO;
				CLANG_CXX_LANGUAGE_STANDARD = "gnu++0x";
				CLANG_CXX_LIBRARY = "libc++";
				CLANG_ENABLE_MODULES = YES;
				CLANG_ENABLE_OBJC_ARC = YES;
				CLANG_WARN_BOOL_CONVERSION = YES;
				CLANG_WARN_CONSTANT_CONVERSION = YES;
				CLANG_WARN_DIRECT_OBJC_ISA_USAGE = YES_ERROR;
				CLANG_WARN_EMPTY_BODY = YES;
				CLANG_WARN_ENUM_CONVERSION = YES;
				CLANG_WARN_INT_CONVERSION = YES;
				CLANG_WARN_OBJC_ROOT_CLASS = YES_ERROR;
				CLANG_WARN_UNREACHABLE_CODE = YES;
				CLANG_WARN__DUPLICATE_METHOD_MATCH = YES;
				"CODE_SIGN_IDENTITY[sdk=iphoneos*]" = "iPhone Developer";
				COPY_PHASE_STRIP = YES;
				ENABLE_NS_ASSERTIONS = NO;
				ENABLE_STRICT_OBJC_MSGSEND = YES;
				GCC_C_LANGUAGE_STANDARD = gnu99;
				GCC_WARN_64_TO_32_BIT_CONVERSION = YES;
				GCC_WARN_ABOUT_RETURN_TYPE = YES_ERROR;
				GCC_WARN_UNDECLARED_SELECTOR = YES;
				GCC_WARN_UNINITIALIZED_AUTOS = YES_AGGRESSIVE;
				GCC_WARN_UNUSED_FUNCTION = YES;
				GCC_WARN_UNUSED_VARIABLE = YES;
				IPHONEOS_DEPLOYMENT_TARGET = 8.1;
				MTL_ENABLE_DEBUG_INFO = NO;
				SDKROOT = iphoneos;
				VALIDATE_PRODUCT = YES;
			};
			name = Release;
		};
		CB5B98C31A1009580071DB74 /* Debug */ = {
			isa = XCBuildConfiguration;
			buildSettings = {
				ASSETCATALOG_COMPILER_APPICON_NAME = AppIcon;
				INFOPLIST_FILE = ConstraintsTest/Info.plist;
				LD_RUNPATH_SEARCH_PATHS = "$(inherited) @executable_path/Frameworks";
				PRODUCT_NAME = "$(TARGET_NAME)";
			};
			name = Debug;
		};
		CB5B98C41A1009580071DB74 /* Release */ = {
			isa = XCBuildConfiguration;
			buildSettings = {
				ASSETCATALOG_COMPILER_APPICON_NAME = AppIcon;
				INFOPLIST_FILE = ConstraintsTest/Info.plist;
				LD_RUNPATH_SEARCH_PATHS = "$(inherited) @executable_path/Frameworks";
				PRODUCT_NAME = "$(TARGET_NAME)";
			};
			name = Release;
		};
		CB5B98C61A1009580071DB74 /* Debug */ = {
			isa = XCBuildConfiguration;
			buildSettings = {
				BUNDLE_LOADER = "$(TEST_HOST)";
				FRAMEWORK_SEARCH_PATHS = (
					"$(SDKROOT)/Developer/Library/Frameworks",
					"$(inherited)",
				);
				GCC_PREPROCESSOR_DEFINITIONS = (
					"DEBUG=1",
					"$(inherited)",
				);
				INFOPLIST_FILE = ConstraintsTestTests/Info.plist;
				LD_RUNPATH_SEARCH_PATHS = "$(inherited) @executable_path/Frameworks @loader_path/Frameworks";
				PRODUCT_NAME = "$(TARGET_NAME)";
				TEST_HOST = "$(BUILT_PRODUCTS_DIR)/ConstraintsTest.app/ConstraintsTest";
			};
			name = Debug;
		};
		CB5B98C71A1009580071DB74 /* Release */ = {
			isa = XCBuildConfiguration;
			buildSettings = {
				BUNDLE_LOADER = "$(TEST_HOST)";
				FRAMEWORK_SEARCH_PATHS = (
					"$(SDKROOT)/Developer/Library/Frameworks",
					"$(inherited)",
				);
				INFOPLIST_FILE = ConstraintsTestTests/Info.plist;
				LD_RUNPATH_SEARCH_PATHS = "$(inherited) @executable_path/Frameworks @loader_path/Frameworks";
				PRODUCT_NAME = "$(TARGET_NAME)";
				TEST_HOST = "$(BUILT_PRODUCTS_DIR)/ConstraintsTest.app/ConstraintsTest";
			};
			name = Release;
		};
/* End XCBuildConfiguration section */

/* Begin XCConfigurationList section */
		CB5B989E1A1009580071DB74 /* Build configuration list for PBXProject "ConstraintsTest" */ = {
			isa = XCConfigurationList;
			buildConfigurations = (
				CB5B98C01A1009580071DB74 /* Debug */,
				CB5B98C11A1009580071DB74 /* Release */,
			);
			defaultConfigurationIsVisible = 0;
			defaultConfigurationName = Release;
		};
		CB5B98C21A1009580071DB74 /* Build configuration list for PBXNativeTarget "ConstraintsTest" */ = {
			isa = XCConfigurationList;
			buildConfigurations = (
				CB5B98C31A1009580071DB74 /* Debug */,
				CB5B98C41A1009580071DB74 /* Release */,
			);
			defaultConfigurationIsVisible = 0;
		};
		CB5B98C51A1009580071DB74 /* Build configuration list for PBXNativeTarget "ConstraintsTestTests" */ = {
			isa = XCConfigurationList;
			buildConfigurations = (
				CB5B98C61A1009580071DB74 /* Debug */,
				CB5B98C71A1009580071DB74 /* Release */,
			);
			defaultConfigurationIsVisible = 0;
		};
/* End XCConfigurationList section */
	};
	rootObject = CB5B989B1A1009580071DB74 /* Project object */;
}
